
Microsoft Visual Studio Solution File, Format Version 12.00
Project("{FAE04EC0-301F-11D3-BF4B-00C04F79EFBC}") = "RestSharp Api Automation", "RestSharp Api Automation\RestSharp Api Automation.csproj", "{3AD69CA0-77A6-4E9F-B437-AF8C3224E64E}"
EndProject
Global
	GlobalSection(SolutionConfigurationPlatforms) = preSolution
		Debug|Any CPU = Debug|Any CPU
		Release|Any CPU = Release|Any CPU
	EndGlobalSection
	GlobalSection(ProjectConfigurationPlatforms) = postSolution
		{3AD69CA0-77A6-4E9F-B437-AF8C3224E64E}.Debug|Any CPU.ActiveCfg = Debug|Any CPU
		{3AD69CA0-77A6-4E9F-B437-AF8C3224E64E}.Debug|Any CPU.Build.0 = Debug|Any CPU
		{3AD69CA0-77A6-4E9F-B437-AF8C3224E64E}.Release|Any CPU.ActiveCfg = Release|Any CPU
		{3AD69CA0-77A6-4E9F-B437-AF8C3224E64E}.Release|Any CPU.Build.0 = Release|Any CPU
	EndGlobalSection
EndGlobal
